// !$*UTF8*$!
{
	archiveVersion = 1;
	classes = {
	};
	objectVersion = 50;
	objects = {

/* Begin PBXBuildFile section */
		1643B7232353C54400B57A69 /* AppDelegate.swift in Sources */ = {isa = PBXBuildFile; fileRef = 1643B7222353C54400B57A69 /* AppDelegate.swift */; };
		1643B7252353C54400B57A69 /* SceneDelegate.swift in Sources */ = {isa = PBXBuildFile; fileRef = 1643B7242353C54400B57A69 /* SceneDelegate.swift */; };
		1643B7272353C54400B57A69 /* ViewController.swift in Sources */ = {isa = PBXBuildFile; fileRef = 1643B7262353C54400B57A69 /* ViewController.swift */; };
		1643B72A2353C54400B57A69 /* Main.storyboard in Resources */ = {isa = PBXBuildFile; fileRef = 1643B7282353C54400B57A69 /* Main.storyboard */; };
		1643B72C2353C54500B57A69 /* Assets.xcassets in Resources */ = {isa = PBXBuildFile; fileRef = 1643B72B2353C54500B57A69 /* Assets.xcassets */; };
		1643B72F2353C54500B57A69 /* LaunchScreen.storyboard in Resources */ = {isa = PBXBuildFile; fileRef = 1643B72D2353C54500B57A69 /* LaunchScreen.storyboard */; };
		1643B7372353C5B700B57A69 /* Image in Resources */ = {isa = PBXBuildFile; fileRef = 1643B7362353C5B700B57A69 /* Image */; };
		1643B7392353C5C200B57A69 /* sound.caf in Resources */ = {isa = PBXBuildFile; fileRef = 1643B7382353C5C200B57A69 /* sound.caf */; };
		1643B73B2353C90F00B57A69 /* GoogleService-Info.plist in Resources */ = {isa = PBXBuildFile; fileRef = 1643B73A2353C90F00B57A69 /* GoogleService-Info.plist */; };
		AF5149F42BD71AD9513EF997 /* Pods_CapstoneFinal.framework in Frameworks */ = {isa = PBXBuildFile; fileRef = 958167658865258A6688325E /* Pods_CapstoneFinal.framework */; };
/* End PBXBuildFile section */

/* Begin PBXFileReference section */
		1643B71F2353C54400B57A69 /* CapstoneFinal.app */ = {isa = PBXFileReference; explicitFileType = wrapper.application; includeInIndex = 0; path = CapstoneFinal.app; sourceTree = BUILT_PRODUCTS_DIR; };
		1643B7222353C54400B57A69 /* AppDelegate.swift */ = {isa = PBXFileReference; lastKnownFileType = sourcecode.swift; path = AppDelegate.swift; sourceTree = "<group>"; };
		1643B7242353C54400B57A69 /* SceneDelegate.swift */ = {isa = PBXFileReference; lastKnownFileType = sourcecode.swift; path = SceneDelegate.swift; sourceTree = "<group>"; };
		1643B7262353C54400B57A69 /* ViewController.swift */ = {isa = PBXFileReference; lastKnownFileType = sourcecode.swift; path = ViewController.swift; sourceTree = "<group>"; };
		1643B7292353C54400B57A69 /* Base */ = {isa = PBXFileReference; lastKnownFileType = file.storyboard; name = Base; path = Base.lproj/Main.storyboard; sourceTree = "<group>"; };
		1643B72B2353C54500B57A69 /* Assets.xcassets */ = {isa = PBXFileReference; lastKnownFileType = folder.assetcatalog; path = Assets.xcassets; sourceTree = "<group>"; };
		1643B72E2353C54500B57A69 /* Base */ = {isa = PBXFileReference; lastKnownFileType = file.storyboard; name = Base; path = Base.lproj/LaunchScreen.storyboard; sourceTree = "<group>"; };
		1643B7302353C54500B57A69 /* Info.plist */ = {isa = PBXFileReference; lastKnownFileType = text.plist.xml; path = Info.plist; sourceTree = "<group>"; };
		1643B7362353C5B700B57A69 /* Image */ = {isa = PBXFileReference; lastKnownFileType = folder; path = Image; sourceTree = "<group>"; };
		1643B7382353C5C200B57A69 /* sound.caf */ = {isa = PBXFileReference; lastKnownFileType = file; path = sound.caf; sourceTree = "<group>"; };
		1643B73A2353C90F00B57A69 /* GoogleService-Info.plist */ = {isa = PBXFileReference; fileEncoding = 4; lastKnownFileType = text.plist.xml; path = "GoogleService-Info.plist"; sourceTree = "<group>"; };
		27814E15E6D0425B3738956D /* Pods-CapstoneFinal.release.xcconfig */ = {isa = PBXFileReference; includeInIndex = 1; lastKnownFileType = text.xcconfig; name = "Pods-CapstoneFinal.release.xcconfig"; path = "Target Support Files/Pods-CapstoneFinal/Pods-CapstoneFinal.release.xcconfig"; sourceTree = "<group>"; };
		7443641666AD19E962BF5A90 /* Pods-CapstoneFinal.debug.xcconfig */ = {isa = PBXFileReference; includeInIndex = 1; lastKnownFileType = text.xcconfig; name = "Pods-CapstoneFinal.debug.xcconfig"; path = "Target Support Files/Pods-CapstoneFinal/Pods-CapstoneFinal.debug.xcconfig"; sourceTree = "<group>"; };
		958167658865258A6688325E /* Pods_CapstoneFinal.framework */ = {isa = PBXFileReference; explicitFileType = wrapper.framework; includeInIndex = 0; path = Pods_CapstoneFinal.framework; sourceTree = BUILT_PRODUCTS_DIR; };
/* End PBXFileReference section */

/* Begin PBXFrameworksBuildPhase section */
		1643B71C2353C54400B57A69 /* Frameworks */ = {
			isa = PBXFrameworksBuildPhase;
			buildActionMask = 2147483647;
			files = (
				AF5149F42BD71AD9513EF997 /* Pods_CapstoneFinal.framework in Frameworks */,
			);
			runOnlyForDeploymentPostprocessing = 0;
		};
/* End PBXFrameworksBuildPhase section */

/* Begin PBXGroup section */
		037468EFEA89E690B45F83A0 /* Frameworks */ = {
			isa = PBXGroup;
			children = (
				958167658865258A6688325E /* Pods_CapstoneFinal.framework */,
			);
			name = Frameworks;
			sourceTree = "<group>";
		};
		1643B7162353C54400B57A69 = {
			isa = PBXGroup;
			children = (
				1643B7212353C54400B57A69 /* CapstoneFinal */,
				1643B7202353C54400B57A69 /* Products */,
				32F8F46FB4E6471E95761015 /* Pods */,
				037468EFEA89E690B45F83A0 /* Frameworks */,
			);
			sourceTree = "<group>";
		};
		1643B7202353C54400B57A69 /* Products */ = {
			isa = PBXGroup;
			children = (
				1643B71F2353C54400B57A69 /* CapstoneFinal.app */,
			);
			name = Products;
			sourceTree = "<group>";
		};
		1643B7212353C54400B57A69 /* CapstoneFinal */ = {
			isa = PBXGroup;
			children = (
				1643B7222353C54400B57A69 /* AppDelegate.swift */,
				1643B7242353C54400B57A69 /* SceneDelegate.swift */,
				1643B7262353C54400B57A69 /* ViewController.swift */,
				1643B7282353C54400B57A69 /* Main.storyboard */,
				1643B72B2353C54500B57A69 /* Assets.xcassets */,
				1643B73A2353C90F00B57A69 /* GoogleService-Info.plist */,
				1643B7362353C5B700B57A69 /* Image */,
				1643B72D2353C54500B57A69 /* LaunchScreen.storyboard */,
				1643B7302353C54500B57A69 /* Info.plist */,
				1643B7382353C5C200B57A69 /* sound.caf */,
			);
			path = CapstoneFinal;
			sourceTree = "<group>";
		};
		32F8F46FB4E6471E95761015 /* Pods */ = {
			isa = PBXGroup;
			children = (
				7443641666AD19E962BF5A90 /* Pods-CapstoneFinal.debug.xcconfig */,
				27814E15E6D0425B3738956D /* Pods-CapstoneFinal.release.xcconfig */,
			);
			name = Pods;
			path = Pods;
			sourceTree = "<group>";
		};
/* End PBXGroup section */

/* Begin PBXNativeTarget section */
		1643B71E2353C54400B57A69 /* CapstoneFinal */ = {
			isa = PBXNativeTarget;
			buildConfigurationList = 1643B7332353C54500B57A69 /* Build configuration list for PBXNativeTarget "CapstoneFinal" */;
			buildPhases = (
				6196A0E648E1A8AF84843C8A /* [CP] Check Pods Manifest.lock */,
				1643B71B2353C54400B57A69 /* Sources */,
				1643B71C2353C54400B57A69 /* Frameworks */,
				1643B71D2353C54400B57A69 /* Resources */,
				7A539208CE0168B749D088B8 /* [CP] Embed Pods Frameworks */,
				CB1FD572A225238F73DCB418 /* [CP] Copy Pods Resources */,
			);
			buildRules = (
			);
			dependencies = (
			);
			name = CapstoneFinal;
			productName = CapstoneFinal;
			productReference = 1643B71F2353C54400B57A69 /* CapstoneFinal.app */;
			productType = "com.apple.product-type.application";
		};
/* End PBXNativeTarget section */

/* Begin PBXProject section */
		1643B7172353C54400B57A69 /* Project object */ = {
			isa = PBXProject;
			attributes = {
				LastSwiftUpdateCheck = 1100;
				LastUpgradeCheck = 1100;
				ORGANIZATIONNAME = "Ryan Duval";
				TargetAttributes = {
					1643B71E2353C54400B57A69 = {
						CreatedOnToolsVersion = 11.0;
					};
				};
			};
			buildConfigurationList = 1643B71A2353C54400B57A69 /* Build configuration list for PBXProject "CapstoneFinal" */;
			compatibilityVersion = "Xcode 9.3";
			developmentRegion = en;
			hasScannedForEncodings = 0;
			knownRegions = (
				en,
				Base,
			);
			mainGroup = 1643B7162353C54400B57A69;
			productRefGroup = 1643B7202353C54400B57A69 /* Products */;
			projectDirPath = "";
			projectRoot = "";
			targets = (
				1643B71E2353C54400B57A69 /* CapstoneFinal */,
			);
		};
/* End PBXProject section */

/* Begin PBXResourcesBuildPhase section */
		1643B71D2353C54400B57A69 /* Resources */ = {
			isa = PBXResourcesBuildPhase;
			buildActionMask = 2147483647;
			files = (
				1643B7372353C5B700B57A69 /* Image in Resources */,
				1643B72F2353C54500B57A69 /* LaunchScreen.storyboard in Resources */,
				1643B7392353C5C200B57A69 /* sound.caf in Resources */,
				1643B72C2353C54500B57A69 /* Assets.xcassets in Resources */,
				1643B72A2353C54400B57A69 /* Main.storyboard in Resources */,
				1643B73B2353C90F00B57A69 /* GoogleService-Info.plist in Resources */,
			);
			runOnlyForDeploymentPostprocessing = 0;
		};
/* End PBXResourcesBuildPhase section */

/* Begin PBXShellScriptBuildPhase section */
		6196A0E648E1A8AF84843C8A /* [CP] Check Pods Manifest.lock */ = {
			isa = PBXShellScriptBuildPhase;
			buildActionMask = 2147483647;
			files = (
			);
			inputFileListPaths = (
			);
			inputPaths = (
				"${PODS_PODFILE_DIR_PATH}/Podfile.lock",
				"${PODS_ROOT}/Manifest.lock",
			);
			name = "[CP] Check Pods Manifest.lock";
			outputFileListPaths = (
			);
			outputPaths = (
				"$(DERIVED_FILE_DIR)/Pods-CapstoneFinal-checkManifestLockResult.txt",
			);
			runOnlyForDeploymentPostprocessing = 0;
			shellPath = /bin/sh;
			shellScript = "diff \"${PODS_PODFILE_DIR_PATH}/Podfile.lock\" \"${PODS_ROOT}/Manifest.lock\" > /dev/null\nif [ $? != 0 ] ; then\n    # print error to STDERR\n    echo \"error: The sandbox is not in sync with the Podfile.lock. Run 'pod install' or update your CocoaPods installation.\" >&2\n    exit 1\nfi\n# This output is used by Xcode 'outputs' to avoid re-running this script phase.\necho \"SUCCESS\" > \"${SCRIPT_OUTPUT_FILE_0}\"\n";
			showEnvVarsInLog = 0;
		};
		7A539208CE0168B749D088B8 /* [CP] Embed Pods Frameworks */ = {
			isa = PBXShellScriptBuildPhase;
			buildActionMask = 2147483647;
			files = (
			);
			inputFileListPaths = (
				"${PODS_ROOT}/Target Support Files/Pods-CapstoneFinal/Pods-CapstoneFinal-frameworks-${CONFIGURATION}-input-files.xcfilelist",
			);
			name = "[CP] Embed Pods Frameworks";
			outputFileListPaths = (
				"${PODS_ROOT}/Target Support Files/Pods-CapstoneFinal/Pods-CapstoneFinal-frameworks-${CONFIGURATION}-output-files.xcfilelist",
			);
			runOnlyForDeploymentPostprocessing = 0;
			shellPath = /bin/sh;
			shellScript = "\"${PODS_ROOT}/Target Support Files/Pods-CapstoneFinal/Pods-CapstoneFinal-frameworks.sh\"\n";
			showEnvVarsInLog = 0;
		};
		CB1FD572A225238F73DCB418 /* [CP] Copy Pods Resources */ = {
			isa = PBXShellScriptBuildPhase;
			buildActionMask = 2147483647;
			files = (
			);
			inputFileListPaths = (
				"${PODS_ROOT}/Target Support Files/Pods-CapstoneFinal/Pods-CapstoneFinal-resources-${CONFIGURATION}-input-files.xcfilelist",
			);
			name = "[CP] Copy Pods Resources";
			outputFileListPaths = (
				"${PODS_ROOT}/Target Support Files/Pods-CapstoneFinal/Pods-CapstoneFinal-resources-${CONFIGURATION}-output-files.xcfilelist",
			);
			runOnlyForDeploymentPostprocessing = 0;
			shellPath = /bin/sh;
			shellScript = "\"${PODS_ROOT}/Target Support Files/Pods-CapstoneFinal/Pods-CapstoneFinal-resources.sh\"\n";
			showEnvVarsInLog = 0;
		};
/* End PBXShellScriptBuildPhase section */

/* Begin PBXSourcesBuildPhase section */
		1643B71B2353C54400B57A69 /* Sources */ = {
			isa = PBXSourcesBuildPhase;
			buildActionMask = 2147483647;
			files = (
				1643B7272353C54400B57A69 /* ViewController.swift in Sources */,
				1643B7232353C54400B57A69 /* AppDelegate.swift in Sources */,
				1643B7252353C54400B57A69 /* SceneDelegate.swift in Sources */,
			);
			runOnlyForDeploymentPostprocessing = 0;
		};
/* End PBXSourcesBuildPhase section */

/* Begin PBXVariantGroup section */
		1643B7282353C54400B57A69 /* Main.storyboard */ = {
			isa = PBXVariantGroup;
			children = (
				1643B7292353C54400B57A69 /* Base */,
			);
			name = Main.storyboard;
			sourceTree = "<group>";
		};
		1643B72D2353C54500B57A69 /* LaunchScreen.storyboard */ = {
			isa = PBXVariantGroup;
			children = (
				1643B72E2353C54500B57A69 /* Base */,
			);
			name = LaunchScreen.storyboard;
			sourceTree = "<group>";
		};
/* End PBXVariantGroup section */

/* Begin XCBuildConfiguration section */
		1643B7312353C54500B57A69 /* Debug */ = {
			isa = XCBuildConfiguration;
			buildSettings = {
				ALWAYS_SEARCH_USER_PATHS = NO;
				CLANG_ANALYZER_NONNULL = YES;
				CLANG_ANALYZER_NUMBER_OBJECT_CONVERSION = YES_AGGRESSIVE;
				CLANG_CXX_LANGUAGE_STANDARD = "gnu++14";
				CLANG_CXX_LIBRARY = "libc++";
				CLANG_ENABLE_MODULES = YES;
				CLANG_ENABLE_OBJC_ARC = YES;
				CLANG_ENABLE_OBJC_WEAK = YES;
				CLANG_WARN_BLOCK_CAPTURE_AUTORELEASING = YES;
				CLANG_WARN_BOOL_CONVERSION = YES;
				CLANG_WARN_COMMA = YES;
				CLANG_WARN_CONSTANT_CONVERSION = YES;
				CLANG_WARN_DEPRECATED_OBJC_IMPLEMENTATIONS = YES;
				CLANG_WARN_DIRECT_OBJC_ISA_USAGE = YES_ERROR;
				CLANG_WARN_DOCUMENTATION_COMMENTS = YES;
				CLANG_WARN_EMPTY_BODY = YES;
				CLANG_WARN_ENUM_CONVERSION = YES;
				CLANG_WARN_INFINITE_RECURSION = YES;
				CLANG_WARN_INT_CONVERSION = YES;
				CLANG_WARN_NON_LITERAL_NULL_CONVERSION = YES;
				CLANG_WARN_OBJC_IMPLICIT_RETAIN_SELF = YES;
				CLANG_WARN_OBJC_LITERAL_CONVERSION = YES;
				CLANG_WARN_OBJC_ROOT_CLASS = YES_ERROR;
				CLANG_WARN_RANGE_LOOP_ANALYSIS = YES;
				CLANG_WARN_STRICT_PROTOTYPES = YES;
				CLANG_WARN_SUSPICIOUS_MOVE = YES;
				CLANG_WARN_UNGUARDED_AVAILABILITY = YES_AGGRESSIVE;
				CLANG_WARN_UNREACHABLE_CODE = YES;
				CLANG_WARN__DUPLICATE_METHOD_MATCH = YES;
				COPY_PHASE_STRIP = NO;
				DEBUG_INFORMATION_FORMAT = dwarf;
				ENABLE_STRICT_OBJC_MSGSEND = YES;
				ENABLE_TESTABILITY = YES;
				GCC_C_LANGUAGE_STANDARD = gnu11;
				GCC_DYNAMIC_NO_PIC = NO;
				GCC_NO_COMMON_BLOCKS = YES;
				GCC_OPTIMIZATION_LEVEL = 0;
				GCC_PREPROCESSOR_DEFINITIONS = (
					"DEBUG=1",
					"$(inherited)",
				);
				GCC_WARN_64_TO_32_BIT_CONVERSION = YES;
				GCC_WARN_ABOUT_RETURN_TYPE = YES_ERROR;
				GCC_WARN_UNDECLARED_SELECTOR = YES;
				GCC_WARN_UNINITIALIZED_AUTOS = YES_AGGRESSIVE;
				GCC_WARN_UNUSED_FUNCTION = YES;
				GCC_WARN_UNUSED_VARIABLE = YES;
				IPHONEOS_DEPLOYMENT_TARGET = 13.0;
				MTL_ENABLE_DEBUG_INFO = INCLUDE_SOURCE;
				MTL_FAST_MATH = YES;
				ONLY_ACTIVE_ARCH = YES;
				SDKROOT = iphoneos;
				SWIFT_ACTIVE_COMPILATION_CONDITIONS = DEBUG;
				SWIFT_OPTIMIZATION_LEVEL = "-Onone";
			};
			name = Debug;
		};
		1643B7322353C54500B57A69 /* Release */ = {
			isa = XCBuildConfiguration;
			buildSettings = {
				ALWAYS_SEARCH_USER_PATHS = NO;
				CLANG_ANALYZER_NONNULL = YES;
				CLANG_ANALYZER_NUMBER_OBJECT_CONVERSION = YES_AGGRESSIVE;
				CLANG_CXX_LANGUAGE_STANDARD = "gnu++14";
				CLANG_CXX_LIBRARY = "libc++";
				CLANG_ENABLE_MODULES = YES;
				CLANG_ENABLE_OBJC_ARC = YES;
				CLANG_ENABLE_OBJC_WEAK = YES;
				CLANG_WARN_BLOCK_CAPTURE_AUTORELEASING = YES;
				CLANG_WARN_BOOL_CONVERSION = YES;
				CLANG_WARN_COMMA = YES;
				CLANG_WARN_CONSTANT_CONVERSION = YES;
				CLANG_WARN_DEPRECATED_OBJC_IMPLEMENTATIONS = YES;
				CLANG_WARN_DIRECT_OBJC_ISA_USAGE = YES_ERROR;
				CLANG_WARN_DOCUMENTATION_COMMENTS = YES;
				CLANG_WARN_EMPTY_BODY = YES;
				CLANG_WARN_ENUM_CONVERSION = YES;
				CLANG_WARN_INFINITE_RECURSION = YES;
				CLANG_WARN_INT_CONVERSION = YES;
				CLANG_WARN_NON_LITERAL_NULL_CONVERSION = YES;
				CLANG_WARN_OBJC_IMPLICIT_RETAIN_SELF = YES;
				CLANG_WARN_OBJC_LITERAL_CONVERSION = YES;
				CLANG_WARN_OBJC_ROOT_CLASS = YES_ERROR;
				CLANG_WARN_RANGE_LOOP_ANALYSIS = YES;
				CLANG_WARN_STRICT_PROTOTYPES = YES;
				CLANG_WARN_SUSPICIOUS_MOVE = YES;
				CLANG_WARN_UNGUARDED_AVAILABILITY = YES_AGGRESSIVE;
				CLANG_WARN_UNREACHABLE_CODE = YES;
				CLANG_WARN__DUPLICATE_METHOD_MATCH = YES;
				COPY_PHASE_STRIP = NO;
				DEBUG_INFORMATION_FORMAT = "dwarf-with-dsym";
				ENABLE_NS_ASSERTIONS = NO;
				ENABLE_STRICT_OBJC_MSGSEND = YES;
				GCC_C_LANGUAGE_STANDARD = gnu11;
				GCC_NO_COMMON_BLOCKS = YES;
				GCC_WARN_64_TO_32_BIT_CONVERSION = YES;
				GCC_WARN_ABOUT_RETURN_TYPE = YES_ERROR;
				GCC_WARN_UNDECLARED_SELECTOR = YES;
				GCC_WARN_UNINITIALIZED_AUTOS = YES_AGGRESSIVE;
				GCC_WARN_UNUSED_FUNCTION = YES;
				GCC_WARN_UNUSED_VARIABLE = YES;
				IPHONEOS_DEPLOYMENT_TARGET = 13.0;
				MTL_ENABLE_DEBUG_INFO = NO;
				MTL_FAST_MATH = YES;
				SDKROOT = iphoneos;
				SWIFT_COMPILATION_MODE = wholemodule;
				SWIFT_OPTIMIZATION_LEVEL = "-O";
				VALIDATE_PRODUCT = YES;
			};
			name = Release;
		};
		1643B7342353C54500B57A69 /* Debug */ = {
			isa = XCBuildConfiguration;
			baseConfigurationReference = 7443641666AD19E962BF5A90 /* Pods-CapstoneFinal.debug.xcconfig */;
			buildSettings = {
				ASSETCATALOG_COMPILER_APPICON_NAME = AppIcon;
				CODE_SIGN_STYLE = Automatic;
				INFOPLIST_FILE = CapstoneFinal/Info.plist;
				LD_RUNPATH_SEARCH_PATHS = (
					"$(inherited)",
					"@executable_path/Frameworks",
				);
				PRODUCT_BUNDLE_IDENTIFIER = com.test.CapstoneFinal;
				PRODUCT_NAME = "$(TARGET_NAME)";
				SWIFT_VERSION = 5.0;
				TARGETED_DEVICE_FAMILY = "1,2";
			};
			name = Debug;
		};
		1643B7352353C54500B57A69 /* Release */ = {
			isa = XCBuildConfiguration;
			baseConfigurationReference = 27814E15E6D0425B3738956D /* Pods-CapstoneFinal.release.xcconfig */;
			buildSettings = {
				ASSETCATALOG_COMPILER_APPICON_NAME = AppIcon;
				CODE_SIGN_STYLE = Automatic;
				INFOPLIST_FILE = CapstoneFinal/Info.plist;
				LD_RUNPATH_SEARCH_PATHS = (
					"$(inherited)",
					"@executable_path/Frameworks",
				);
				PRODUCT_BUNDLE_IDENTIFIER = com.test.CapstoneFinal;
				PRODUCT_NAME = "$(TARGET_NAME)";
				SWIFT_VERSION = 5.0;
				TARGETED_DEVICE_FAMILY = "1,2";
			};
			name = Release;
		};
/* End XCBuildConfiguration section */

/* Begin XCConfigurationList section */
		1643B71A2353C54400B57A69 /* Build configuration list for PBXProject "CapstoneFinal" */ = {
			isa = XCConfigurationList;
			buildConfigurations = (
				1643B7312353C54500B57A69 /* Debug */,
				1643B7322353C54500B57A69 /* Release */,
			);
			defaultConfigurationIsVisible = 0;
			defaultConfigurationName = Release;
		};
		1643B7332353C54500B57A69 /* Build configuration list for PBXNativeTarget "CapstoneFinal" */ = {
			isa = XCConfigurationList;
			buildConfigurations = (
				1643B7342353C54500B57A69 /* Debug */,
				1643B7352353C54500B57A69 /* Release */,
			);
			defaultConfigurationIsVisible = 0;
			defaultConfigurationName = Release;
		};
/* End XCConfigurationList section */
	};
	rootObject = 1643B7172353C54400B57A69 /* Project object */;
}
